{
  "object": {
    "pins": [
      {
        "package": "stream-reader",
        "repositoryURL": "https://github.com/Frizlab/stream-reader.git",
        "state": {
          "branch": null,
          "revision": "1c6d95bf4b7e70f0658b0f36014c22df646a22d8",
          "version": "3.5.1"
        }
      }
    ]
  },
  "version": 1
}
