{
  "object": {
    "pins": [
      {
        "package": "SimpleStream",
        "repositoryURL": "https://github.com/Frizlab/SimpleStream",
        "state": {
          "branch": null,
          "revision": "017b680202d604185d46e8112c65bba83c0589b0",
          "version": "1.0.2"
        }
      }
    ]
  },
  "version": 1
}
