{
  "object": {
    "pins": [
      {
        "package": "SimpleStream",
        "repositoryURL": "https://github.com/Frizlab/SimpleStream",
        "state": {
          "branch": null,
          "revision": "87e7000344afe62eb58d903d5673edc31d6e8088",
          "version": "2.1.0"
        }
      }
    ]
  },
  "version": 1
}
